
Microsoft Visual Studio Solution File, Format Version 12.00
# Visual Studio Version 16
VisualStudioVersion = 16.0.30621.155
MinimumVisualStudioVersion = 10.0.40219.1
Project("{FAE04EC0-301F-11D3-BF4B-00C04F79EFBC}") = "WinFormsSql", "WinFormsSql.csproj", "{DA7CBA77-8DF5-4A5F-A0C8-E5421B97E27D}"
EndProject
Global
	GlobalSection(SolutionConfigurationPlatforms) = preSolution
		Debug|Any CPU = Debug|Any CPU
		Release|Any CPU = Release|Any CPU
	EndGlobalSection
	GlobalSection(ProjectConfigurationPlatforms) = postSolution
		{DA7CBA77-8DF5-4A5F-A0C8-E5421B97E27D}.Debug|Any CPU.ActiveCfg = Debug|Any CPU
		{DA7CBA77-8DF5-4A5F-A0C8-E5421B97E27D}.Debug|Any CPU.Build.0 = Debug|Any CPU
		{DA7CBA77-8DF5-4A5F-A0C8-E5421B97E27D}.Release|Any CPU.ActiveCfg = Release|Any CPU
		{DA7CBA77-8DF5-4A5F-A0C8-E5421B97E27D}.Release|Any CPU.Build.0 = Release|Any CPU
	EndGlobalSection
	GlobalSection(SolutionProperties) = preSolution
		HideSolutionNode = FALSE
	EndGlobalSection
	GlobalSection(ExtensibilityGlobals) = postSolution
		SolutionGuid = {F2F94CF7-38BD-409F-91C5-61DB87CFA3B0}
	EndGlobalSection
EndGlobal
