
Microsoft Visual Studio Solution File, Format Version 12.00
# Visual Studio Version 16
VisualStudioVersion = 16.0.29920.165
MinimumVisualStudioVersion = 10.0.40219.1
Project("{FAE04EC0-301F-11D3-BF4B-00C04F79EFBC}") = "ITAcademy.NetrebiakVasyl.Lab1", "ITAcademy.NetrebiakVasyl.Lab1.csproj", "{DA726544-04DC-461F-8331-81DE1DC45DC9}"
EndProject
Global
	GlobalSection(SolutionConfigurationPlatforms) = preSolution
		Debug|Any CPU = Debug|Any CPU
		Release|Any CPU = Release|Any CPU
	EndGlobalSection
	GlobalSection(ProjectConfigurationPlatforms) = postSolution
		{DA726544-04DC-461F-8331-81DE1DC45DC9}.Debug|Any CPU.ActiveCfg = Debug|Any CPU
		{DA726544-04DC-461F-8331-81DE1DC45DC9}.Debug|Any CPU.Build.0 = Debug|Any CPU
		{DA726544-04DC-461F-8331-81DE1DC45DC9}.Release|Any CPU.ActiveCfg = Release|Any CPU
		{DA726544-04DC-461F-8331-81DE1DC45DC9}.Release|Any CPU.Build.0 = Release|Any CPU
	EndGlobalSection
	GlobalSection(SolutionProperties) = preSolution
		HideSolutionNode = FALSE
	EndGlobalSection
	GlobalSection(ExtensibilityGlobals) = postSolution
		SolutionGuid = {60C2C31B-338D-442D-9052-A45628728884}
	EndGlobalSection
EndGlobal
